
Microsoft Visual Studio Solution File, Format Version 12.00
Project("{FAE04EC0-301F-11D3-BF4B-00C04F79EFBC}") = "DocumentQuicker.Api", "DocumentQuicker.Api\DocumentQuicker.Api.csproj", "{F9FA9715-9EC3-41AC-AA97-30E15E972F72}"
EndProject
Project("{FAE04EC0-301F-11D3-BF4B-00C04F79EFBC}") = "DocumentQuicker.BusinessLayer", "DocumentQuicker.BusinessLayer\DocumentQuicker.BusinessLayer.csproj", "{5E8CF5AC-1B63-425F-81E7-8AE4D107C568}"
EndProject
Project("{FAE04EC0-301F-11D3-BF4B-00C04F79EFBC}") = "DocumentQuicker.DataProvider", "DocumentQuicker.DataProvider\DocumentQuicker.DataProvider.csproj", "{2614B9C2-6255-46A7-B686-167F1FF527DA}"
EndProject
Global
	GlobalSection(SolutionConfigurationPlatforms) = preSolution
		Debug|Any CPU = Debug|Any CPU
		Release|Any CPU = Release|Any CPU
	EndGlobalSection
	GlobalSection(ProjectConfigurationPlatforms) = postSolution
		{F9FA9715-9EC3-41AC-AA97-30E15E972F72}.Debug|Any CPU.ActiveCfg = Debug|Any CPU
		{F9FA9715-9EC3-41AC-AA97-30E15E972F72}.Debug|Any CPU.Build.0 = Debug|Any CPU
		{F9FA9715-9EC3-41AC-AA97-30E15E972F72}.Release|Any CPU.ActiveCfg = Release|Any CPU
		{F9FA9715-9EC3-41AC-AA97-30E15E972F72}.Release|Any CPU.Build.0 = Release|Any CPU
		{5E8CF5AC-1B63-425F-81E7-8AE4D107C568}.Debug|Any CPU.ActiveCfg = Debug|Any CPU
		{5E8CF5AC-1B63-425F-81E7-8AE4D107C568}.Debug|Any CPU.Build.0 = Debug|Any CPU
		{5E8CF5AC-1B63-425F-81E7-8AE4D107C568}.Release|Any CPU.ActiveCfg = Release|Any CPU
		{5E8CF5AC-1B63-425F-81E7-8AE4D107C568}.Release|Any CPU.Build.0 = Release|Any CPU
		{2614B9C2-6255-46A7-B686-167F1FF527DA}.Debug|Any CPU.ActiveCfg = Debug|Any CPU
		{2614B9C2-6255-46A7-B686-167F1FF527DA}.Debug|Any CPU.Build.0 = Debug|Any CPU
		{2614B9C2-6255-46A7-B686-167F1FF527DA}.Release|Any CPU.ActiveCfg = Release|Any CPU
		{2614B9C2-6255-46A7-B686-167F1FF527DA}.Release|Any CPU.Build.0 = Release|Any CPU
	EndGlobalSection
EndGlobal
